{
  "name": "immune-mint-7522",
  "lockfileVersion": 3,
  "requires": true,
  "packages": {
    "": {
      "dependencies": {
        "react-multi-carousel": "^2.8.2"
      }
    },
    "node_modules/react-multi-carousel": {
      "version": "2.8.2",
      "resolved": "https://registry.npmjs.org/react-multi-carousel/-/react-multi-carousel-2.8.2.tgz",
      "integrity": "sha512-M9Y7DfAp8bA/r6yexttU6RLA7uyppje4c0ELRuCHZWswH+u7nr0uVP6qHNPjc4XGOEY1MYFOb5nBg7JvoKutuQ==",
      "engines": {
        "node": ">=8"
      }
    }
  }
}
